
Microsoft Visual Studio Solution File, Format Version 12.00
# Visual Studio Version 16
VisualStudioVersion = 16.0.31515.178
MinimumVisualStudioVersion = 10.0.40219.1
Project("{FAE04EC0-301F-11D3-BF4B-00C04F79EFBC}") = "Problem 1.3", "Problem 1.3\Problem 1.3.csproj", "{702A524E-CB88-48CC-9D7F-F5ED20AFEBBE}"
EndProject
Global
	GlobalSection(SolutionConfigurationPlatforms) = preSolution
		Debug|Any CPU = Debug|Any CPU
		Release|Any CPU = Release|Any CPU
	EndGlobalSection
	GlobalSection(ProjectConfigurationPlatforms) = postSolution
		{702A524E-CB88-48CC-9D7F-F5ED20AFEBBE}.Debug|Any CPU.ActiveCfg = Debug|Any CPU
		{702A524E-CB88-48CC-9D7F-F5ED20AFEBBE}.Debug|Any CPU.Build.0 = Debug|Any CPU
		{702A524E-CB88-48CC-9D7F-F5ED20AFEBBE}.Release|Any CPU.ActiveCfg = Release|Any CPU
		{702A524E-CB88-48CC-9D7F-F5ED20AFEBBE}.Release|Any CPU.Build.0 = Release|Any CPU
	EndGlobalSection
	GlobalSection(SolutionProperties) = preSolution
		HideSolutionNode = FALSE
	EndGlobalSection
	GlobalSection(ExtensibilityGlobals) = postSolution
		SolutionGuid = {895E0538-1B25-4BFE-AE1C-E8C3D91FA338}
	EndGlobalSection
EndGlobal
